
Microsoft Visual Studio Solution File, Format Version 12.00
# Visual Studio Version 16
VisualStudioVersion = 16.0.31321.278
MinimumVisualStudioVersion = 10.0.40219.1
Project("{9A19103F-16F7-4668-BE54-9A1E7A4F7556}") = "SnakeAndLadder", "SnakeAndLadder\SnakeAndLadder.csproj", "{F1BA697D-75FE-45D7-A12D-495582DDB791}"
EndProject
Project("{FAE04EC0-301F-11D3-BF4B-00C04F79EFBC}") = "SnakeAndLadder.Core", "SnakeAndLadder.Core\SnakeAndLadder.Core.csproj", "{B82E42AC-A98E-4701-8E03-170D488053DA}"
EndProject
Project("{FAE04EC0-301F-11D3-BF4B-00C04F79EFBC}") = "SnakeAndLadder.Test", "SnakeAndLadder.Test\SnakeAndLadder.Test.csproj", "{7FA850F3-3902-407F-9735-03EBDFB71B4F}"
EndProject
Global
	GlobalSection(SolutionConfigurationPlatforms) = preSolution
		Debug|Any CPU = Debug|Any CPU
		Release|Any CPU = Release|Any CPU
	EndGlobalSection
	GlobalSection(ProjectConfigurationPlatforms) = postSolution
		{F1BA697D-75FE-45D7-A12D-495582DDB791}.Debug|Any CPU.ActiveCfg = Debug|Any CPU
		{F1BA697D-75FE-45D7-A12D-495582DDB791}.Debug|Any CPU.Build.0 = Debug|Any CPU
		{F1BA697D-75FE-45D7-A12D-495582DDB791}.Release|Any CPU.ActiveCfg = Release|Any CPU
		{F1BA697D-75FE-45D7-A12D-495582DDB791}.Release|Any CPU.Build.0 = Release|Any CPU
		{B82E42AC-A98E-4701-8E03-170D488053DA}.Debug|Any CPU.ActiveCfg = Debug|Any CPU
		{B82E42AC-A98E-4701-8E03-170D488053DA}.Debug|Any CPU.Build.0 = Debug|Any CPU
		{B82E42AC-A98E-4701-8E03-170D488053DA}.Release|Any CPU.ActiveCfg = Release|Any CPU
		{B82E42AC-A98E-4701-8E03-170D488053DA}.Release|Any CPU.Build.0 = Release|Any CPU
		{7FA850F3-3902-407F-9735-03EBDFB71B4F}.Debug|Any CPU.ActiveCfg = Debug|Any CPU
		{7FA850F3-3902-407F-9735-03EBDFB71B4F}.Debug|Any CPU.Build.0 = Debug|Any CPU
		{7FA850F3-3902-407F-9735-03EBDFB71B4F}.Release|Any CPU.ActiveCfg = Release|Any CPU
		{7FA850F3-3902-407F-9735-03EBDFB71B4F}.Release|Any CPU.Build.0 = Release|Any CPU
	EndGlobalSection
	GlobalSection(SolutionProperties) = preSolution
		HideSolutionNode = FALSE
	EndGlobalSection
	GlobalSection(ExtensibilityGlobals) = postSolution
		SolutionGuid = {D319A016-2772-46BC-8C0D-5115070ED076}
	EndGlobalSection
EndGlobal
